// !$*UTF8*$!
{
	archiveVersion = 1;
	classes = {
	};
	objectVersion = 46;
	objects = {

/* Begin PBXBuildFile section */
		C8DD71361BBB48290078AB51 /* AppDelegate.swift in Sources */ = {isa = PBXBuildFile; fileRef = C8DD71351BBB48290078AB51 /* AppDelegate.swift */; };
		C8DD71381BBB48290078AB51 /* ViewController.swift in Sources */ = {isa = PBXBuildFile; fileRef = C8DD71371BBB48290078AB51 /* ViewController.swift */; };
		C8DD713B1BBB48290078AB51 /* Main.storyboard in Resources */ = {isa = PBXBuildFile; fileRef = C8DD71391BBB48290078AB51 /* Main.storyboard */; };
		C8DD713D1BBB48290078AB51 /* Assets.xcassets in Resources */ = {isa = PBXBuildFile; fileRef = C8DD713C1BBB48290078AB51 /* Assets.xcassets */; };
		C8DD71401BBB48290078AB51 /* LaunchScreen.storyboard in Resources */ = {isa = PBXBuildFile; fileRef = C8DD713E1BBB48290078AB51 /* LaunchScreen.storyboard */; };
		C8DD714B1BBB48290078AB51 /* CalculadoraTests.swift in Sources */ = {isa = PBXBuildFile; fileRef = C8DD714A1BBB48290078AB51 /* CalculadoraTests.swift */; };
		C8DD71561BBB48290078AB51 /* CalculadoraUITests.swift in Sources */ = {isa = PBXBuildFile; fileRef = C8DD71551BBB48290078AB51 /* CalculadoraUITests.swift */; };
/* End PBXBuildFile section */

/* Begin PBXContainerItemProxy section */
		C8DD71471BBB48290078AB51 /* PBXContainerItemProxy */ = {
			isa = PBXContainerItemProxy;
			containerPortal = C8DD712A1BBB48290078AB51 /* Project object */;
			proxyType = 1;
			remoteGlobalIDString = C8DD71311BBB48290078AB51;
			remoteInfo = Calculadora;
		};
		C8DD71521BBB48290078AB51 /* PBXContainerItemProxy */ = {
			isa = PBXContainerItemProxy;
			containerPortal = C8DD712A1BBB48290078AB51 /* Project object */;
			proxyType = 1;
			remoteGlobalIDString = C8DD71311BBB48290078AB51;
			remoteInfo = Calculadora;
		};
/* End PBXContainerItemProxy section */

/* Begin PBXFileReference section */
		C8DD71321BBB48290078AB51 /* Calculadora.app */ = {isa = PBXFileReference; explicitFileType = wrapper.application; includeInIndex = 0; path = Calculadora.app; sourceTree = BUILT_PRODUCTS_DIR; };
		C8DD71351BBB48290078AB51 /* AppDelegate.swift */ = {isa = PBXFileReference; lastKnownFileType = sourcecode.swift; path = AppDelegate.swift; sourceTree = "<group>"; };
		C8DD71371BBB48290078AB51 /* ViewController.swift */ = {isa = PBXFileReference; lastKnownFileType = sourcecode.swift; path = ViewController.swift; sourceTree = "<group>"; };
		C8DD713A1BBB48290078AB51 /* Base */ = {isa = PBXFileReference; lastKnownFileType = file.storyboard; name = Base; path = Base.lproj/Main.storyboard; sourceTree = "<group>"; };
		C8DD713C1BBB48290078AB51 /* Assets.xcassets */ = {isa = PBXFileReference; lastKnownFileType = folder.assetcatalog; path = Assets.xcassets; sourceTree = "<group>"; };
		C8DD713F1BBB48290078AB51 /* Base */ = {isa = PBXFileReference; lastKnownFileType = file.storyboard; name = Base; path = Base.lproj/LaunchScreen.storyboard; sourceTree = "<group>"; };
		C8DD71411BBB48290078AB51 /* Info.plist */ = {isa = PBXFileReference; lastKnownFileType = text.plist.xml; path = Info.plist; sourceTree = "<group>"; };
		C8DD71461BBB48290078AB51 /* CalculadoraTests.xctest */ = {isa = PBXFileReference; explicitFileType = wrapper.cfbundle; includeInIndex = 0; path = CalculadoraTests.xctest; sourceTree = BUILT_PRODUCTS_DIR; };
		C8DD714A1BBB48290078AB51 /* CalculadoraTests.swift */ = {isa = PBXFileReference; lastKnownFileType = sourcecode.swift; path = CalculadoraTests.swift; sourceTree = "<group>"; };
		C8DD714C1BBB48290078AB51 /* Info.plist */ = {isa = PBXFileReference; lastKnownFileType = text.plist.xml; path = Info.plist; sourceTree = "<group>"; };
		C8DD71511BBB48290078AB51 /* CalculadoraUITests.xctest */ = {isa = PBXFileReference; explicitFileType = wrapper.cfbundle; includeInIndex = 0; path = CalculadoraUITests.xctest; sourceTree = BUILT_PRODUCTS_DIR; };
		C8DD71551BBB48290078AB51 /* CalculadoraUITests.swift */ = {isa = PBXFileReference; lastKnownFileType = sourcecode.swift; path = CalculadoraUITests.swift; sourceTree = "<group>"; };
		C8DD71571BBB48290078AB51 /* Info.plist */ = {isa = PBXFileReference; lastKnownFileType = text.plist.xml; path = Info.plist; sourceTree = "<group>"; };
/* End PBXFileReference section */

/* Begin PBXFrameworksBuildPhase section */
		C8DD712F1BBB48290078AB51 /* Frameworks */ = {
			isa = PBXFrameworksBuildPhase;
			buildActionMask = 2147483647;
			files = (
			);
			runOnlyForDeploymentPostprocessing = 0;
		};
		C8DD71431BBB48290078AB51 /* Frameworks */ = {
			isa = PBXFrameworksBuildPhase;
			buildActionMask = 2147483647;
			files = (
			);
			runOnlyForDeploymentPostprocessing = 0;
		};
		C8DD714E1BBB48290078AB51 /* Frameworks */ = {
			isa = PBXFrameworksBuildPhase;
			buildActionMask = 2147483647;
			files = (
			);
			runOnlyForDeploymentPostprocessing = 0;
		};
/* End PBXFrameworksBuildPhase section */

/* Begin PBXGroup section */
		C8DD71291BBB48290078AB51 = {
			isa = PBXGroup;
			children = (
				C8DD71341BBB48290078AB51 /* Calculadora */,
				C8DD71491BBB48290078AB51 /* CalculadoraTests */,
				C8DD71541BBB48290078AB51 /* CalculadoraUITests */,
				C8DD71331BBB48290078AB51 /* Products */,
			);
			sourceTree = "<group>";
		};
		C8DD71331BBB48290078AB51 /* Products */ = {
			isa = PBXGroup;
			children = (
				C8DD71321BBB48290078AB51 /* Calculadora.app */,
				C8DD71461BBB48290078AB51 /* CalculadoraTests.xctest */,
				C8DD71511BBB48290078AB51 /* CalculadoraUITests.xctest */,
			);
			name = Products;
			sourceTree = "<group>";
		};
		C8DD71341BBB48290078AB51 /* Calculadora */ = {
			isa = PBXGroup;
			children = (
				C8DD71351BBB48290078AB51 /* AppDelegate.swift */,
				C8DD71371BBB48290078AB51 /* ViewController.swift */,
				C8DD71391BBB48290078AB51 /* Main.storyboard */,
				C8DD713C1BBB48290078AB51 /* Assets.xcassets */,
				C8DD713E1BBB48290078AB51 /* LaunchScreen.storyboard */,
				C8DD71411BBB48290078AB51 /* Info.plist */,
			);
			path = Calculadora;
			sourceTree = "<group>";
		};
		C8DD71491BBB48290078AB51 /* CalculadoraTests */ = {
			isa = PBXGroup;
			children = (
				C8DD714A1BBB48290078AB51 /* CalculadoraTests.swift */,
				C8DD714C1BBB48290078AB51 /* Info.plist */,
			);
			path = CalculadoraTests;
			sourceTree = "<group>";
		};
		C8DD71541BBB48290078AB51 /* CalculadoraUITests */ = {
			isa = PBXGroup;
			children = (
				C8DD71551BBB48290078AB51 /* CalculadoraUITests.swift */,
				C8DD71571BBB48290078AB51 /* Info.plist */,
			);
			path = CalculadoraUITests;
			sourceTree = "<group>";
		};
/* End PBXGroup section */

/* Begin PBXNativeTarget section */
		C8DD71311BBB48290078AB51 /* Calculadora */ = {
			isa = PBXNativeTarget;
			buildConfigurationList = C8DD715A1BBB48290078AB51 /* Build configuration list for PBXNativeTarget "Calculadora" */;
			buildPhases = (
				C8DD712E1BBB48290078AB51 /* Sources */,
				C8DD712F1BBB48290078AB51 /* Frameworks */,
				C8DD71301BBB48290078AB51 /* Resources */,
			);
			buildRules = (
			);
			dependencies = (
			);
			name = Calculadora;
			productName = Calculadora;
			productReference = C8DD71321BBB48290078AB51 /* Calculadora.app */;
			productType = "com.apple.product-type.application";
		};
		C8DD71451BBB48290078AB51 /* CalculadoraTests */ = {
			isa = PBXNativeTarget;
			buildConfigurationList = C8DD715D1BBB48290078AB51 /* Build configuration list for PBXNativeTarget "CalculadoraTests" */;
			buildPhases = (
				C8DD71421BBB48290078AB51 /* Sources */,
				C8DD71431BBB48290078AB51 /* Frameworks */,
				C8DD71441BBB48290078AB51 /* Resources */,
			);
			buildRules = (
			);
			dependencies = (
				C8DD71481BBB48290078AB51 /* PBXTargetDependency */,
			);
			name = CalculadoraTests;
			productName = CalculadoraTests;
			productReference = C8DD71461BBB48290078AB51 /* CalculadoraTests.xctest */;
			productType = "com.apple.product-type.bundle.unit-test";
		};
		C8DD71501BBB48290078AB51 /* CalculadoraUITests */ = {
			isa = PBXNativeTarget;
			buildConfigurationList = C8DD71601BBB48290078AB51 /* Build configuration list for PBXNativeTarget "CalculadoraUITests" */;
			buildPhases = (
				C8DD714D1BBB48290078AB51 /* Sources */,
				C8DD714E1BBB48290078AB51 /* Frameworks */,
				C8DD714F1BBB48290078AB51 /* Resources */,
			);
			buildRules = (
			);
			dependencies = (
				C8DD71531BBB48290078AB51 /* PBXTargetDependency */,
			);
			name = CalculadoraUITests;
			productName = CalculadoraUITests;
			productReference = C8DD71511BBB48290078AB51 /* CalculadoraUITests.xctest */;
			productType = "com.apple.product-type.bundle.ui-testing";
		};
/* End PBXNativeTarget section */

/* Begin PBXProject section */
		C8DD712A1BBB48290078AB51 /* Project object */ = {
			isa = PBXProject;
			attributes = {
				LastUpgradeCheck = 0700;
				ORGANIZATIONNAME = "Giovanni K Bonetti";
				TargetAttributes = {
					C8DD71311BBB48290078AB51 = {
						CreatedOnToolsVersion = 7.0;
						DevelopmentTeam = 65U85CN5YZ;
					};
					C8DD71451BBB48290078AB51 = {
						CreatedOnToolsVersion = 7.0;
						TestTargetID = C8DD71311BBB48290078AB51;
					};
					C8DD71501BBB48290078AB51 = {
						CreatedOnToolsVersion = 7.0;
						TestTargetID = C8DD71311BBB48290078AB51;
					};
				};
			};
			buildConfigurationList = C8DD712D1BBB48290078AB51 /* Build configuration list for PBXProject "Calculadora" */;
			compatibilityVersion = "Xcode 3.2";
			developmentRegion = English;
			hasScannedForEncodings = 0;
			knownRegions = (
				en,
				Base,
			);
			mainGroup = C8DD71291BBB48290078AB51;
			productRefGroup = C8DD71331BBB48290078AB51 /* Products */;
			projectDirPath = "";
			projectRoot = "";
			targets = (
				C8DD71311BBB48290078AB51 /* Calculadora */,
				C8DD71451BBB48290078AB51 /* CalculadoraTests */,
				C8DD71501BBB48290078AB51 /* CalculadoraUITests */,
			);
		};
/* End PBXProject section */

/* Begin PBXResourcesBuildPhase section */
		C8DD71301BBB48290078AB51 /* Resources */ = {
			isa = PBXResourcesBuildPhase;
			buildActionMask = 2147483647;
			files = (
				C8DD71401BBB48290078AB51 /* LaunchScreen.storyboard in Resources */,
				C8DD713D1BBB48290078AB51 /* Assets.xcassets in Resources */,
				C8DD713B1BBB48290078AB51 /* Main.storyboard in Resources */,
			);
			runOnlyForDeploymentPostprocessing = 0;
		};
		C8DD71441BBB48290078AB51 /* Resources */ = {
			isa = PBXResourcesBuildPhase;
			buildActionMask = 2147483647;
			files = (
			);
			runOnlyForDeploymentPostprocessing = 0;
		};
		C8DD714F1BBB48290078AB51 /* Resources */ = {
			isa = PBXResourcesBuildPhase;
			buildActionMask = 2147483647;
			files = (
			);
			runOnlyForDeploymentPostprocessing = 0;
		};
/* End PBXResourcesBuildPhase section */

/* Begin PBXSourcesBuildPhase section */
		C8DD712E1BBB48290078AB51 /* Sources */ = {
			isa = PBXSourcesBuildPhase;
			buildActionMask = 2147483647;
			files = (
				C8DD71381BBB48290078AB51 /* ViewController.swift in Sources */,
				C8DD71361BBB48290078AB51 /* AppDelegate.swift in Sources */,
			);
			runOnlyForDeploymentPostprocessing = 0;
		};
		C8DD71421BBB48290078AB51 /* Sources */ = {
			isa = PBXSourcesBuildPhase;
			buildActionMask = 2147483647;
			files = (
				C8DD714B1BBB48290078AB51 /* CalculadoraTests.swift in Sources */,
			);
			runOnlyForDeploymentPostprocessing = 0;
		};
		C8DD714D1BBB48290078AB51 /* Sources */ = {
			isa = PBXSourcesBuildPhase;
			buildActionMask = 2147483647;
			files = (
				C8DD71561BBB48290078AB51 /* CalculadoraUITests.swift in Sources */,
			);
			runOnlyForDeploymentPostprocessing = 0;
		};
/* End PBXSourcesBuildPhase section */

/* Begin PBXTargetDependency section */
		C8DD71481BBB48290078AB51 /* PBXTargetDependency */ = {
			isa = PBXTargetDependency;
			target = C8DD71311BBB48290078AB51 /* Calculadora */;
			targetProxy = C8DD71471BBB48290078AB51 /* PBXContainerItemProxy */;
		};
		C8DD71531BBB48290078AB51 /* PBXTargetDependency */ = {
			isa = PBXTargetDependency;
			target = C8DD71311BBB48290078AB51 /* Calculadora */;
			targetProxy = C8DD71521BBB48290078AB51 /* PBXContainerItemProxy */;
		};
/* End PBXTargetDependency section */

/* Begin PBXVariantGroup section */
		C8DD71391BBB48290078AB51 /* Main.storyboard */ = {
			isa = PBXVariantGroup;
			children = (
				C8DD713A1BBB48290078AB51 /* Base */,
			);
			name = Main.storyboard;
			sourceTree = "<group>";
		};
		C8DD713E1BBB48290078AB51 /* LaunchScreen.storyboard */ = {
			isa = PBXVariantGroup;
			children = (
				C8DD713F1BBB48290078AB51 /* Base */,
			);
			name = LaunchScreen.storyboard;
			sourceTree = "<group>";
		};
/* End PBXVariantGroup section */

/* Begin XCBuildConfiguration section */
		C8DD71581BBB48290078AB51 /* Debug */ = {
			isa = XCBuildConfiguration;
			buildSettings = {
				ALWAYS_SEARCH_USER_PATHS = NO;
				CLANG_CXX_LANGUAGE_STANDARD = "gnu++0x";
				CLANG_CXX_LIBRARY = "libc++";
				CLANG_ENABLE_MODULES = YES;
				CLANG_ENABLE_OBJC_ARC = YES;
				CLANG_WARN_BOOL_CONVERSION = YES;
				CLANG_WARN_CONSTANT_CONVERSION = YES;
				CLANG_WARN_DIRECT_OBJC_ISA_USAGE = YES_ERROR;
				CLANG_WARN_EMPTY_BODY = YES;
				CLANG_WARN_ENUM_CONVERSION = YES;
				CLANG_WARN_INT_CONVERSION = YES;
				CLANG_WARN_OBJC_ROOT_CLASS = YES_ERROR;
				CLANG_WARN_UNREACHABLE_CODE = YES;
				CLANG_WARN__DUPLICATE_METHOD_MATCH = YES;
				"CODE_SIGN_IDENTITY[sdk=iphoneos*]" = "iPhone Developer";
				COPY_PHASE_STRIP = NO;
				DEBUG_INFORMATION_FORMAT = dwarf;
				ENABLE_STRICT_OBJC_MSGSEND = YES;
				ENABLE_TESTABILITY = YES;
				GCC_C_LANGUAGE_STANDARD = gnu99;
				GCC_DYNAMIC_NO_PIC = NO;
				GCC_NO_COMMON_BLOCKS = YES;
				GCC_OPTIMIZATION_LEVEL = 0;
				GCC_PREPROCESSOR_DEFINITIONS = (
					"DEBUG=1",
					"$(inherited)",
				);
				GCC_WARN_64_TO_32_BIT_CONVERSION = YES;
				GCC_WARN_ABOUT_RETURN_TYPE = YES_ERROR;
				GCC_WARN_UNDECLARED_SELECTOR = YES;
				GCC_WARN_UNINITIALIZED_AUTOS = YES_AGGRESSIVE;
				GCC_WARN_UNUSED_FUNCTION = YES;
				GCC_WARN_UNUSED_VARIABLE = YES;
				IPHONEOS_DEPLOYMENT_TARGET = 9.0;
				MTL_ENABLE_DEBUG_INFO = YES;
				ONLY_ACTIVE_ARCH = YES;
				SDKROOT = iphoneos;
				SWIFT_OPTIMIZATION_LEVEL = "-Onone";
			};
			name = Debug;
		};
		C8DD71591BBB48290078AB51 /* Release */ = {
			isa = XCBuildConfiguration;
			buildSettings = {
				ALWAYS_SEARCH_USER_PATHS = NO;
				CLANG_CXX_LANGUAGE_STANDARD = "gnu++0x";
				CLANG_CXX_LIBRARY = "libc++";
				CLANG_ENABLE_MODULES = YES;
				CLANG_ENABLE_OBJC_ARC = YES;
				CLANG_WARN_BOOL_CONVERSION = YES;
				CLANG_WARN_CONSTANT_CONVERSION = YES;
				CLANG_WARN_DIRECT_OBJC_ISA_USAGE = YES_ERROR;
				CLANG_WARN_EMPTY_BODY = YES;
				CLANG_WARN_ENUM_CONVERSION = YES;
				CLANG_WARN_INT_CONVERSION = YES;
				CLANG_WARN_OBJC_ROOT_CLASS = YES_ERROR;
				CLANG_WARN_UNREACHABLE_CODE = YES;
				CLANG_WARN__DUPLICATE_METHOD_MATCH = YES;
				"CODE_SIGN_IDENTITY[sdk=iphoneos*]" = "iPhone Developer";
				COPY_PHASE_STRIP = NO;
				DEBUG_INFORMATION_FORMAT = "dwarf-with-dsym";
				ENABLE_NS_ASSERTIONS = NO;
				ENABLE_STRICT_OBJC_MSGSEND = YES;
				GCC_C_LANGUAGE_STANDARD = gnu99;
				GCC_NO_COMMON_BLOCKS = YES;
				GCC_WARN_64_TO_32_BIT_CONVERSION = YES;
				GCC_WARN_ABOUT_RETURN_TYPE = YES_ERROR;
				GCC_WARN_UNDECLARED_SELECTOR = YES;
				GCC_WARN_UNINITIALIZED_AUTOS = YES_AGGRESSIVE;
				GCC_WARN_UNUSED_FUNCTION = YES;
				GCC_WARN_UNUSED_VARIABLE = YES;
				IPHONEOS_DEPLOYMENT_TARGET = 9.0;
				MTL_ENABLE_DEBUG_INFO = NO;
				SDKROOT = iphoneos;
				VALIDATE_PRODUCT = YES;
			};
			name = Release;
		};
		C8DD715B1BBB48290078AB51 /* Debug */ = {
			isa = XCBuildConfiguration;
			buildSettings = {
				ASSETCATALOG_COMPILER_APPICON_NAME = AppIcon;
				CODE_SIGN_IDENTITY = "iPhone Developer";
				"CODE_SIGN_IDENTITY[sdk=iphoneos*]" = "iPhone Developer";
				INFOPLIST_FILE = Calculadora/Info.plist;
				LD_RUNPATH_SEARCH_PATHS = "$(inherited) @executable_path/Frameworks";
				PRODUCT_BUNDLE_IDENTIFIER = bonetti.giovanni.Calculadora;
				PRODUCT_NAME = "$(TARGET_NAME)";
				PROVISIONING_PROFILE = "";
				TARGETED_DEVICE_FAMILY = "1,2";
			};
			name = Debug;
		};
		C8DD715C1BBB48290078AB51 /* Release */ = {
			isa = XCBuildConfiguration;
			buildSettings = {
				ASSETCATALOG_COMPILER_APPICON_NAME = AppIcon;
				CODE_SIGN_IDENTITY = "iPhone Developer";
				"CODE_SIGN_IDENTITY[sdk=iphoneos*]" = "iPhone Developer";
				INFOPLIST_FILE = Calculadora/Info.plist;
				LD_RUNPATH_SEARCH_PATHS = "$(inherited) @executable_path/Frameworks";
				PRODUCT_BUNDLE_IDENTIFIER = bonetti.giovanni.Calculadora;
				PRODUCT_NAME = "$(TARGET_NAME)";
				PROVISIONING_PROFILE = "";
				TARGETED_DEVICE_FAMILY = "1,2";
			};
			name = Release;
		};
		C8DD715E1BBB48290078AB51 /* Debug */ = {
			isa = XCBuildConfiguration;
			buildSettings = {
				BUNDLE_LOADER = "$(TEST_HOST)";
				INFOPLIST_FILE = CalculadoraTests/Info.plist;
				LD_RUNPATH_SEARCH_PATHS = "$(inherited) @executable_path/Frameworks @loader_path/Frameworks";
				PRODUCT_BUNDLE_IDENTIFIER = bonetti.giovanni.CalculadoraTests;
				PRODUCT_NAME = "$(TARGET_NAME)";
				TEST_HOST = "$(BUILT_PRODUCTS_DIR)/Calculadora.app/Calculadora";
			};
			name = Debug;
		};
		C8DD715F1BBB48290078AB51 /* Release */ = {
			isa = XCBuildConfiguration;
			buildSettings = {
				BUNDLE_LOADER = "$(TEST_HOST)";
				INFOPLIST_FILE = CalculadoraTests/Info.plist;
				LD_RUNPATH_SEARCH_PATHS = "$(inherited) @executable_path/Frameworks @loader_path/Frameworks";
				PRODUCT_BUNDLE_IDENTIFIER = bonetti.giovanni.CalculadoraTests;
				PRODUCT_NAME = "$(TARGET_NAME)";
				TEST_HOST = "$(BUILT_PRODUCTS_DIR)/Calculadora.app/Calculadora";
			};
			name = Release;
		};
		C8DD71611BBB48290078AB51 /* Debug */ = {
			isa = XCBuildConfiguration;
			buildSettings = {
				INFOPLIST_FILE = CalculadoraUITests/Info.plist;
				LD_RUNPATH_SEARCH_PATHS = "$(inherited) @executable_path/Frameworks @loader_path/Frameworks";
				PRODUCT_BUNDLE_IDENTIFIER = bonetti.giovanni.CalculadoraUITests;
				PRODUCT_NAME = "$(TARGET_NAME)";
				TEST_TARGET_NAME = Calculadora;
				USES_XCTRUNNER = YES;
			};
			name = Debug;
		};
		C8DD71621BBB48290078AB51 /* Release */ = {
			isa = XCBuildConfiguration;
			buildSettings = {
				INFOPLIST_FILE = CalculadoraUITests/Info.plist;
				LD_RUNPATH_SEARCH_PATHS = "$(inherited) @executable_path/Frameworks @loader_path/Frameworks";
				PRODUCT_BUNDLE_IDENTIFIER = bonetti.giovanni.CalculadoraUITests;
				PRODUCT_NAME = "$(TARGET_NAME)";
				TEST_TARGET_NAME = Calculadora;
				USES_XCTRUNNER = YES;
			};
			name = Release;
		};
/* End XCBuildConfiguration section */

/* Begin XCConfigurationList section */
		C8DD712D1BBB48290078AB51 /* Build configuration list for PBXProject "Calculadora" */ = {
			isa = XCConfigurationList;
			buildConfigurations = (
				C8DD71581BBB48290078AB51 /* Debug */,
				C8DD71591BBB48290078AB51 /* Release */,
			);
			defaultConfigurationIsVisible = 0;
			defaultConfigurationName = Release;
		};
		C8DD715A1BBB48290078AB51 /* Build configuration list for PBXNativeTarget "Calculadora" */ = {
			isa = XCConfigurationList;
			buildConfigurations = (
				C8DD715B1BBB48290078AB51 /* Debug */,
				C8DD715C1BBB48290078AB51 /* Release */,
			);
			defaultConfigurationIsVisible = 0;
			defaultConfigurationName = Release;
		};
		C8DD715D1BBB48290078AB51 /* Build configuration list for PBXNativeTarget "CalculadoraTests" */ = {
			isa = XCConfigurationList;
			buildConfigurations = (
				C8DD715E1BBB48290078AB51 /* Debug */,
				C8DD715F1BBB48290078AB51 /* Release */,
			);
			defaultConfigurationIsVisible = 0;
			defaultConfigurationName = Release;
		};
		C8DD71601BBB48290078AB51 /* Build configuration list for PBXNativeTarget "CalculadoraUITests" */ = {
			isa = XCConfigurationList;
			buildConfigurations = (
				C8DD71611BBB48290078AB51 /* Debug */,
				C8DD71621BBB48290078AB51 /* Release */,
			);
			defaultConfigurationIsVisible = 0;
			defaultConfigurationName = Release;
		};
/* End XCConfigurationList section */
	};
	rootObject = C8DD712A1BBB48290078AB51 /* Project object */;
}
